github.com/gammazero/deque v0.1.0 h1:f9LnNmq66VDeuAlSAapemq/U7hJ2jpIWa4c09q8Dlik=
github.com/gammazero/deque v0.1.0/go.mod h1:KQw7vFau1hHuM8xmI9RbgKFbAsQFWmBpqQ2KenFLk6M=
github.com/gammazero/workerpool v1.1.2 h1:vuioDQbgrz4HoaCi2q1HLlOXdpbap5AET7xu5/qj87g=
github.com/gammazero/workerpool v1.1.2/go.mod h1:UelbXcO0zCIGFcufcirHhq2/xtLXJdQ29qZNlXG9OjQ=
github.com/nyelonong/httpclient v0.0.0-20190105192804-69dda98c08b8 h1:FyYeNsL8WA7lRp61y9ib5SDgv4byg8Ng2yXBVftgbQM=
github.com/nyelonong/httpclient v0.0.0-20190105192804-69dda98c08b8/go.mod h1:pNst/rJNnQdx9iJzQVqdSGTkThWmpLu10FLjQywPSr8=
gopkg.in/check.v1 v0.0.0-20161208181325-20d25e280405 h1:yhCVgyC4o1eVCa2tZl7eS0r+SDo693bJlVdllGtEeKM=
gopkg.in/check.v1 v0.0.0-20161208181325-20d25e280405/go.mod h1:Co6ibVJAznAaIkqp8huTwlJQCZ016jof/cbN4VW5Yz0=
gopkg.in/yaml.v3 v3.0.0-20210107192922-496545a6307b h1:h8qDotaEPuJATrMmW04NCwg7v22aHH28wwpauUhK9Oo=
gopkg.in/yaml.v3 v3.0.0-20210107192922-496545a6307b/go.mod h1:K4uyk7z7BCEPqu6E+C64Yfv1cQ7kz7rIZviUmN+EgEM=
